PODS:
  - Alamofire (5.7.1)
  - JackMa (0.1.0):
    - Alamofire

DEPENDENCIES:
  - JackMa (from `../`)

SPEC REPOS:
  trunk:
    - Alamofire

EXTERNAL SOURCES:
  JackMa:
    :path: "../"

SPEC CHECKSUMS:
  Alamofire: 0123a34370cb170936ae79a8df46cc62b2edeb88
  JackMa: 878cf2c30929c0515198714d1be376f83118b80b

PODFILE CHECKSUM: 82ebeb0c763b231744cc18c975f693fa6276e9f6

COCOAPODS: 1.12.1
